
Microsoft Visual Studio Solution File, Format Version 12.00
# Visual Studio Version 16
VisualStudioVersion = 16.0.29709.97
MinimumVisualStudioVersion = 10.0.40219.1
Project("{8BC9CEB8-8B4A-11D0-8D11-00A0C91BC942}") = "talk_to", "talk_to\talk_to.vcxproj", "{FB850E67-D7F6-42D4-87CE-1193118ADBF0}"
EndProject
Project("{8BC9CEB8-8B4A-11D0-8D11-00A0C91BC942}") = "tests", "tests\tests.vcxproj", "{7800300A-4528-4981-98D2-D9F256EB34EA}"
EndProject
Global
	GlobalSection(SolutionConfigurationPlatforms) = preSolution
		Debug|x64 = Debug|x64
		Release|x64 = Release|x64
	EndGlobalSection
	GlobalSection(ProjectConfigurationPlatforms) = postSolution
		{FB850E67-D7F6-42D4-87CE-1193118ADBF0}.Debug|x64.ActiveCfg = Debug|x64
		{FB850E67-D7F6-42D4-87CE-1193118ADBF0}.Debug|x64.Build.0 = Debug|x64
		{FB850E67-D7F6-42D4-87CE-1193118ADBF0}.Release|x64.ActiveCfg = Release|x64
		{FB850E67-D7F6-42D4-87CE-1193118ADBF0}.Release|x64.Build.0 = Release|x64
		{7800300A-4528-4981-98D2-D9F256EB34EA}.Debug|x64.ActiveCfg = Debug|x64
		{7800300A-4528-4981-98D2-D9F256EB34EA}.Debug|x64.Build.0 = Debug|x64
		{7800300A-4528-4981-98D2-D9F256EB34EA}.Release|x64.ActiveCfg = Release|x64
		{7800300A-4528-4981-98D2-D9F256EB34EA}.Release|x64.Build.0 = Release|x64
	EndGlobalSection
	GlobalSection(SolutionProperties) = preSolution
		HideSolutionNode = FALSE
	EndGlobalSection
	GlobalSection(ExtensibilityGlobals) = postSolution
		SolutionGuid = {97DFB0D0-2896-4DEF-9153-F677A9B84613}
	EndGlobalSection
EndGlobal
